
Microsoft Visual Studio Solution File, Format Version 12.00
# Visual Studio 15
VisualStudioVersion = 15.0.27004.2002
MinimumVisualStudioVersion = 10.0.40219.1
Project("{FAE04EC0-301F-11D3-BF4B-00C04F79EFBC}") = "cs4227", "cs4227\cs4227.csproj", "{3936F297-9D67-4A87-829D-FF8B8432AC1B}"
EndProject
Project("{FAE04EC0-301F-11D3-BF4B-00C04F79EFBC}") = "Unit Tests", "Unit Tests\Unit Tests.csproj", "{CBF2BF2A-D786-4C9F-BF35-4A99A10710AD}"
EndProject
Global
	GlobalSection(SolutionConfigurationPlatforms) = preSolution
		Debug|Any CPU = Debug|Any CPU
		Release|Any CPU = Release|Any CPU
	EndGlobalSection
	GlobalSection(ProjectConfigurationPlatforms) = postSolution
		{3936F297-9D67-4A87-829D-FF8B8432AC1B}.Debug|Any CPU.ActiveCfg = Debug|Any CPU
		{3936F297-9D67-4A87-829D-FF8B8432AC1B}.Debug|Any CPU.Build.0 = Debug|Any CPU
		{3936F297-9D67-4A87-829D-FF8B8432AC1B}.Release|Any CPU.ActiveCfg = Release|Any CPU
		{3936F297-9D67-4A87-829D-FF8B8432AC1B}.Release|Any CPU.Build.0 = Release|Any CPU
		{CBF2BF2A-D786-4C9F-BF35-4A99A10710AD}.Debug|Any CPU.ActiveCfg = Debug|Any CPU
		{CBF2BF2A-D786-4C9F-BF35-4A99A10710AD}.Debug|Any CPU.Build.0 = Debug|Any CPU
		{CBF2BF2A-D786-4C9F-BF35-4A99A10710AD}.Release|Any CPU.ActiveCfg = Release|Any CPU
		{CBF2BF2A-D786-4C9F-BF35-4A99A10710AD}.Release|Any CPU.Build.0 = Release|Any CPU
	EndGlobalSection
	GlobalSection(SolutionProperties) = preSolution
		HideSolutionNode = FALSE
	EndGlobalSection
	GlobalSection(ExtensibilityGlobals) = postSolution
		SolutionGuid = {B47A8936-D05F-4484-A6D1-2BCD2DED5875}
	EndGlobalSection
EndGlobal
